
Microsoft Visual Studio Solution File, Format Version 12.00
# Visual Studio Version 17
VisualStudioVersion = 17.5.33502.453
MinimumVisualStudioVersion = 10.0.40219.1
Project("{FAE04EC0-301F-11D3-BF4B-00C04F79EFBC}") = "BossEstate", "BossEstate\BossEstate.csproj", "{2E7F34C0-B8C1-4241-AA0E-66AA67775297}"
EndProject
Global
	GlobalSection(SolutionConfigurationPlatforms) = preSolution
		Debug|Any CPU = Debug|Any CPU
		Release|Any CPU = Release|Any CPU
	EndGlobalSection
	GlobalSection(ProjectConfigurationPlatforms) = postSolution
		{2E7F34C0-B8C1-4241-AA0E-66AA67775297}.Debug|Any CPU.ActiveCfg = Debug|Any CPU
		{2E7F34C0-B8C1-4241-AA0E-66AA67775297}.Debug|Any CPU.Build.0 = Debug|Any CPU
		{2E7F34C0-B8C1-4241-AA0E-66AA67775297}.Release|Any CPU.ActiveCfg = Release|Any CPU
		{2E7F34C0-B8C1-4241-AA0E-66AA67775297}.Release|Any CPU.Build.0 = Release|Any CPU
	EndGlobalSection
	GlobalSection(SolutionProperties) = preSolution
		HideSolutionNode = FALSE
	EndGlobalSection
	GlobalSection(ExtensibilityGlobals) = postSolution
		SolutionGuid = {CB438109-982C-48C7-9D9F-8AF9AB8B81C7}
	EndGlobalSection
EndGlobal
